// !$*UTF8*$!
{
	archiveVersion = 1;
	classes = {
	};
	objectVersion = 46;
	objects = {

/* Begin PBXBuildFile section */
		0F4DB6451AA2E55700C953FC /* AppDelegate.swift in Sources */ = {isa = PBXBuildFile; fileRef = 0F4DB6441AA2E55700C953FC /* AppDelegate.swift */; };
		0F4DB6471AA2E55700C953FC /* ViewController.swift in Sources */ = {isa = PBXBuildFile; fileRef = 0F4DB6461AA2E55700C953FC /* ViewController.swift */; };
		0F4DB64A1AA2E55700C953FC /* Main.storyboard in Resources */ = {isa = PBXBuildFile; fileRef = 0F4DB6481AA2E55700C953FC /* Main.storyboard */; };
		0F4DB64C1AA2E55700C953FC /* Images.xcassets in Resources */ = {isa = PBXBuildFile; fileRef = 0F4DB64B1AA2E55700C953FC /* Images.xcassets */; };
		0F4DB64F1AA2E55700C953FC /* LaunchScreen.xib in Resources */ = {isa = PBXBuildFile; fileRef = 0F4DB64D1AA2E55700C953FC /* LaunchScreen.xib */; };
		0F4DB65B1AA2E55700C953FC /* CHStatusBarNoticeDemoTests.swift in Sources */ = {isa = PBXBuildFile; fileRef = 0F4DB65A1AA2E55700C953FC /* CHStatusBarNoticeDemoTests.swift */; };
		0F4DB6681AA2FAD500C953FC /* CHBarNoticeView.swift in Sources */ = {isa = PBXBuildFile; fileRef = 0F4DB6671AA2FAD500C953FC /* CHBarNoticeView.swift */; };
/* End PBXBuildFile section */

/* Begin PBXContainerItemProxy section */
		0F4DB6551AA2E55700C953FC /* PBXContainerItemProxy */ = {
			isa = PBXContainerItemProxy;
			containerPortal = 0F4DB6371AA2E55700C953FC /* Project object */;
			proxyType = 1;
			remoteGlobalIDString = 0F4DB63E1AA2E55700C953FC;
			remoteInfo = CHStatusBarNoticeDemo;
		};
/* End PBXContainerItemProxy section */

/* Begin PBXFileReference section */
		0F4DB63F1AA2E55700C953FC /* CHStatusBarNoticeDemo.app */ = {isa = PBXFileReference; explicitFileType = wrapper.application; includeInIndex = 0; path = CHStatusBarNoticeDemo.app; sourceTree = BUILT_PRODUCTS_DIR; };
		0F4DB6431AA2E55700C953FC /* Info.plist */ = {isa = PBXFileReference; lastKnownFileType = text.plist.xml; path = Info.plist; sourceTree = "<group>"; };
		0F4DB6441AA2E55700C953FC /* AppDelegate.swift */ = {isa = PBXFileReference; lastKnownFileType = sourcecode.swift; path = AppDelegate.swift; sourceTree = "<group>"; };
		0F4DB6461AA2E55700C953FC /* ViewController.swift */ = {isa = PBXFileReference; lastKnownFileType = sourcecode.swift; path = ViewController.swift; sourceTree = "<group>"; };
		0F4DB6491AA2E55700C953FC /* Base */ = {isa = PBXFileReference; lastKnownFileType = file.storyboard; name = Base; path = Base.lproj/Main.storyboard; sourceTree = "<group>"; };
		0F4DB64B1AA2E55700C953FC /* Images.xcassets */ = {isa = PBXFileReference; lastKnownFileType = folder.assetcatalog; path = Images.xcassets; sourceTree = "<group>"; };
		0F4DB64E1AA2E55700C953FC /* Base */ = {isa = PBXFileReference; lastKnownFileType = file.xib; name = Base; path = Base.lproj/LaunchScreen.xib; sourceTree = "<group>"; };
		0F4DB6541AA2E55700C953FC /* CHStatusBarNoticeDemoTests.xctest */ = {isa = PBXFileReference; explicitFileType = wrapper.cfbundle; includeInIndex = 0; path = CHStatusBarNoticeDemoTests.xctest; sourceTree = BUILT_PRODUCTS_DIR; };
		0F4DB6591AA2E55700C953FC /* Info.plist */ = {isa = PBXFileReference; lastKnownFileType = text.plist.xml; path = Info.plist; sourceTree = "<group>"; };
		0F4DB65A1AA2E55700C953FC /* CHStatusBarNoticeDemoTests.swift */ = {isa = PBXFileReference; lastKnownFileType = sourcecode.swift; path = CHStatusBarNoticeDemoTests.swift; sourceTree = "<group>"; };
		0F4DB6671AA2FAD500C953FC /* CHBarNoticeView.swift */ = {isa = PBXFileReference; fileEncoding = 4; lastKnownFileType = sourcecode.swift; path = CHBarNoticeView.swift; sourceTree = "<group>"; };
/* End PBXFileReference section */

/* Begin PBXFrameworksBuildPhase section */
		0F4DB63C1AA2E55700C953FC /* Frameworks */ = {
			isa = PBXFrameworksBuildPhase;
			buildActionMask = 2147483647;
			files = (
			);
			runOnlyForDeploymentPostprocessing = 0;
		};
		0F4DB6511AA2E55700C953FC /* Frameworks */ = {
			isa = PBXFrameworksBuildPhase;
			buildActionMask = 2147483647;
			files = (
			);
			runOnlyForDeploymentPostprocessing = 0;
		};
/* End PBXFrameworksBuildPhase section */

/* Begin PBXGroup section */
		0F4DB6361AA2E55700C953FC = {
			isa = PBXGroup;
			children = (
				0F4DB6411AA2E55700C953FC /* CHStatusBarNoticeDemo */,
				0F4DB6571AA2E55700C953FC /* CHStatusBarNoticeDemoTests */,
				0F4DB6401AA2E55700C953FC /* Products */,
			);
			sourceTree = "<group>";
		};
		0F4DB6401AA2E55700C953FC /* Products */ = {
			isa = PBXGroup;
			children = (
				0F4DB63F1AA2E55700C953FC /* CHStatusBarNoticeDemo.app */,
				0F4DB6541AA2E55700C953FC /* CHStatusBarNoticeDemoTests.xctest */,
			);
			name = Products;
			sourceTree = "<group>";
		};
		0F4DB6411AA2E55700C953FC /* CHStatusBarNoticeDemo */ = {
			isa = PBXGroup;
			children = (
				0F4DB6641AA2E5A700C953FC /* CHBarNotice */,
				0F4DB6441AA2E55700C953FC /* AppDelegate.swift */,
				0F4DB6461AA2E55700C953FC /* ViewController.swift */,
				0F4DB6481AA2E55700C953FC /* Main.storyboard */,
				0F4DB64B1AA2E55700C953FC /* Images.xcassets */,
				0F4DB64D1AA2E55700C953FC /* LaunchScreen.xib */,
				0F4DB6421AA2E55700C953FC /* Supporting Files */,
			);
			path = CHStatusBarNoticeDemo;
			sourceTree = "<group>";
		};
		0F4DB6421AA2E55700C953FC /* Supporting Files */ = {
			isa = PBXGroup;
			children = (
				0F4DB6431AA2E55700C953FC /* Info.plist */,
			);
			name = "Supporting Files";
			sourceTree = "<group>";
		};
		0F4DB6571AA2E55700C953FC /* CHStatusBarNoticeDemoTests */ = {
			isa = PBXGroup;
			children = (
				0F4DB65A1AA2E55700C953FC /* CHStatusBarNoticeDemoTests.swift */,
				0F4DB6581AA2E55700C953FC /* Supporting Files */,
			);
			path = CHStatusBarNoticeDemoTests;
			sourceTree = "<group>";
		};
		0F4DB6581AA2E55700C953FC /* Supporting Files */ = {
			isa = PBXGroup;
			children = (
				0F4DB6591AA2E55700C953FC /* Info.plist */,
			);
			name = "Supporting Files";
			sourceTree = "<group>";
		};
		0F4DB6641AA2E5A700C953FC /* CHBarNotice */ = {
			isa = PBXGroup;
			children = (
				0F4DB6671AA2FAD500C953FC /* CHBarNoticeView.swift */,
			);
			path = CHBarNotice;
			sourceTree = "<group>";
		};
/* End PBXGroup section */

/* Begin PBXNativeTarget section */
		0F4DB63E1AA2E55700C953FC /* CHStatusBarNoticeDemo */ = {
			isa = PBXNativeTarget;
			buildConfigurationList = 0F4DB65E1AA2E55700C953FC /* Build configuration list for PBXNativeTarget "CHStatusBarNoticeDemo" */;
			buildPhases = (
				0F4DB63B1AA2E55700C953FC /* Sources */,
				0F4DB63C1AA2E55700C953FC /* Frameworks */,
				0F4DB63D1AA2E55700C953FC /* Resources */,
			);
			buildRules = (
			);
			dependencies = (
			);
			name = CHStatusBarNoticeDemo;
			productName = CHStatusBarNoticeDemo;
			productReference = 0F4DB63F1AA2E55700C953FC /* CHStatusBarNoticeDemo.app */;
			productType = "com.apple.product-type.application";
		};
		0F4DB6531AA2E55700C953FC /* CHStatusBarNoticeDemoTests */ = {
			isa = PBXNativeTarget;
			buildConfigurationList = 0F4DB6611AA2E55700C953FC /* Build configuration list for PBXNativeTarget "CHStatusBarNoticeDemoTests" */;
			buildPhases = (
				0F4DB6501AA2E55700C953FC /* Sources */,
				0F4DB6511AA2E55700C953FC /* Frameworks */,
				0F4DB6521AA2E55700C953FC /* Resources */,
			);
			buildRules = (
			);
			dependencies = (
				0F4DB6561AA2E55700C953FC /* PBXTargetDependency */,
			);
			name = CHStatusBarNoticeDemoTests;
			productName = CHStatusBarNoticeDemoTests;
			productReference = 0F4DB6541AA2E55700C953FC /* CHStatusBarNoticeDemoTests.xctest */;
			productType = "com.apple.product-type.bundle.unit-test";
		};
/* End PBXNativeTarget section */

/* Begin PBXProject section */
		0F4DB6371AA2E55700C953FC /* Project object */ = {
			isa = PBXProject;
			attributes = {
				LastUpgradeCheck = 0610;
				ORGANIZATIONNAME = "Jiao Liu";
				TargetAttributes = {
					0F4DB63E1AA2E55700C953FC = {
						CreatedOnToolsVersion = 6.1.1;
					};
					0F4DB6531AA2E55700C953FC = {
						CreatedOnToolsVersion = 6.1.1;
						TestTargetID = 0F4DB63E1AA2E55700C953FC;
					};
				};
			};
			buildConfigurationList = 0F4DB63A1AA2E55700C953FC /* Build configuration list for PBXProject "CHStatusBarNoticeDemo" */;
			compatibilityVersion = "Xcode 3.2";
			developmentRegion = English;
			hasScannedForEncodings = 0;
			knownRegions = (
				en,
				Base,
			);
			mainGroup = 0F4DB6361AA2E55700C953FC;
			productRefGroup = 0F4DB6401AA2E55700C953FC /* Products */;
			projectDirPath = "";
			projectRoot = "";
			targets = (
				0F4DB63E1AA2E55700C953FC /* CHStatusBarNoticeDemo */,
				0F4DB6531AA2E55700C953FC /* CHStatusBarNoticeDemoTests */,
			);
		};
/* End PBXProject section */

/* Begin PBXResourcesBuildPhase section */
		0F4DB63D1AA2E55700C953FC /* Resources */ = {
			isa = PBXResourcesBuildPhase;
			buildActionMask = 2147483647;
			files = (
				0F4DB64A1AA2E55700C953FC /* Main.storyboard in Resources */,
				0F4DB64F1AA2E55700C953FC /* LaunchScreen.xib in Resources */,
				0F4DB64C1AA2E55700C953FC /* Images.xcassets in Resources */,
			);
			runOnlyForDeploymentPostprocessing = 0;
		};
		0F4DB6521AA2E55700C953FC /* Resources */ = {
			isa = PBXResourcesBuildPhase;
			buildActionMask = 2147483647;
			files = (
			);
			runOnlyForDeploymentPostprocessing = 0;
		};
/* End PBXResourcesBuildPhase section */

/* Begin PBXSourcesBuildPhase section */
		0F4DB63B1AA2E55700C953FC /* Sources */ = {
			isa = PBXSourcesBuildPhase;
			buildActionMask = 2147483647;
			files = (
				0F4DB6471AA2E55700C953FC /* ViewController.swift in Sources */,
				0F4DB6451AA2E55700C953FC /* AppDelegate.swift in Sources */,
				0F4DB6681AA2FAD500C953FC /* CHBarNoticeView.swift in Sources */,
			);
			runOnlyForDeploymentPostprocessing = 0;
		};
		0F4DB6501AA2E55700C953FC /* Sources */ = {
			isa = PBXSourcesBuildPhase;
			buildActionMask = 2147483647;
			files = (
				0F4DB65B1AA2E55700C953FC /* CHStatusBarNoticeDemoTests.swift in Sources */,
			);
			runOnlyForDeploymentPostprocessing = 0;
		};
/* End PBXSourcesBuildPhase section */

/* Begin PBXTargetDependency section */
		0F4DB6561AA2E55700C953FC /* PBXTargetDependency */ = {
			isa = PBXTargetDependency;
			target = 0F4DB63E1AA2E55700C953FC /* CHStatusBarNoticeDemo */;
			targetProxy = 0F4DB6551AA2E55700C953FC /* PBXContainerItemProxy */;
		};
/* End PBXTargetDependency section */

/* Begin PBXVariantGroup section */
		0F4DB6481AA2E55700C953FC /* Main.storyboard */ = {
			isa = PBXVariantGroup;
			children = (
				0F4DB6491AA2E55700C953FC /* Base */,
			);
			name = Main.storyboard;
			sourceTree = "<group>";
		};
		0F4DB64D1AA2E55700C953FC /* LaunchScreen.xib */ = {
			isa = PBXVariantGroup;
			children = (
				0F4DB64E1AA2E55700C953FC /* Base */,
			);
			name = LaunchScreen.xib;
			sourceTree = "<group>";
		};
/* End PBXVariantGroup section */

/* Begin XCBuildConfiguration section */
		0F4DB65C1AA2E55700C953FC /* Debug */ = {
			isa = XCBuildConfiguration;
			buildSettings = {
				ALWAYS_SEARCH_USER_PATHS = NO;
				CLANG_CXX_LANGUAGE_STANDARD = "gnu++0x";
				CLANG_CXX_LIBRARY = "libc++";
				CLANG_ENABLE_MODULES = YES;
				CLANG_ENABLE_OBJC_ARC = YES;
				CLANG_WARN_BOOL_CONVERSION = YES;
				CLANG_WARN_CONSTANT_CONVERSION = YES;
				CLANG_WARN_DIRECT_OBJC_ISA_USAGE = YES_ERROR;
				CLANG_WARN_EMPTY_BODY = YES;
				CLANG_WARN_ENUM_CONVERSION = YES;
				CLANG_WARN_INT_CONVERSION = YES;
				CLANG_WARN_OBJC_ROOT_CLASS = YES_ERROR;
				CLANG_WARN_UNREACHABLE_CODE = YES;
				CLANG_WARN__DUPLICATE_METHOD_MATCH = YES;
				"CODE_SIGN_IDENTITY[sdk=iphoneos*]" = "iPhone Developer";
				COPY_PHASE_STRIP = NO;
				ENABLE_STRICT_OBJC_MSGSEND = YES;
				GCC_C_LANGUAGE_STANDARD = gnu99;
				GCC_DYNAMIC_NO_PIC = NO;
				GCC_OPTIMIZATION_LEVEL = 0;
				GCC_PREPROCESSOR_DEFINITIONS = (
					"DEBUG=1",
					"$(inherited)",
				);
				GCC_SYMBOLS_PRIVATE_EXTERN = NO;
				GCC_WARN_64_TO_32_BIT_CONVERSION = YES;
				GCC_WARN_ABOUT_RETURN_TYPE = YES_ERROR;
				GCC_WARN_UNDECLARED_SELECTOR = YES;
				GCC_WARN_UNINITIALIZED_AUTOS = YES_AGGRESSIVE;
				GCC_WARN_UNUSED_FUNCTION = YES;
				GCC_WARN_UNUSED_VARIABLE = YES;
				IPHONEOS_DEPLOYMENT_TARGET = 8.1;
				MTL_ENABLE_DEBUG_INFO = YES;
				ONLY_ACTIVE_ARCH = YES;
				SDKROOT = iphoneos;
				SWIFT_OPTIMIZATION_LEVEL = "-Onone";
				TARGETED_DEVICE_FAMILY = "1,2";
			};
			name = Debug;
		};
		0F4DB65D1AA2E55700C953FC /* Release */ = {
			isa = XCBuildConfiguration;
			buildSettings = {
				ALWAYS_SEARCH_USER_PATHS = NO;
				CLANG_CXX_LANGUAGE_STANDARD = "gnu++0x";
				CLANG_CXX_LIBRARY = "libc++";
				CLANG_ENABLE_MODULES = YES;
				CLANG_ENABLE_OBJC_ARC = YES;
				CLANG_WARN_BOOL_CONVERSION = YES;
				CLANG_WARN_CONSTANT_CONVERSION = YES;
				CLANG_WARN_DIRECT_OBJC_ISA_USAGE = YES_ERROR;
				CLANG_WARN_EMPTY_BODY = YES;
				CLANG_WARN_ENUM_CONVERSION = YES;
				CLANG_WARN_INT_CONVERSION = YES;
				CLANG_WARN_OBJC_ROOT_CLASS = YES_ERROR;
				CLANG_WARN_UNREACHABLE_CODE = YES;
				CLANG_WARN__DUPLICATE_METHOD_MATCH = YES;
				"CODE_SIGN_IDENTITY[sdk=iphoneos*]" = "iPhone Developer";
				COPY_PHASE_STRIP = YES;
				ENABLE_NS_ASSERTIONS = NO;
				ENABLE_STRICT_OBJC_MSGSEND = YES;
				GCC_C_LANGUAGE_STANDARD = gnu99;
				GCC_WARN_64_TO_32_BIT_CONVERSION = YES;
				GCC_WARN_ABOUT_RETURN_TYPE = YES_ERROR;
				GCC_WARN_UNDECLARED_SELECTOR = YES;
				GCC_WARN_UNINITIALIZED_AUTOS = YES_AGGRESSIVE;
				GCC_WARN_UNUSED_FUNCTION = YES;
				GCC_WARN_UNUSED_VARIABLE = YES;
				IPHONEOS_DEPLOYMENT_TARGET = 8.1;
				MTL_ENABLE_DEBUG_INFO = NO;
				SDKROOT = iphoneos;
				TARGETED_DEVICE_FAMILY = "1,2";
				VALIDATE_PRODUCT = YES;
			};
			name = Release;
		};
		0F4DB65F1AA2E55700C953FC /* Debug */ = {
			isa = XCBuildConfiguration;
			buildSettings = {
				ASSETCATALOG_COMPILER_APPICON_NAME = AppIcon;
				INFOPLIST_FILE = CHStatusBarNoticeDemo/Info.plist;
				LD_RUNPATH_SEARCH_PATHS = "$(inherited) @executable_path/Frameworks";
				PRODUCT_NAME = "$(TARGET_NAME)";
			};
			name = Debug;
		};
		0F4DB6601AA2E55700C953FC /* Release */ = {
			isa = XCBuildConfiguration;
			buildSettings = {
				ASSETCATALOG_COMPILER_APPICON_NAME = AppIcon;
				INFOPLIST_FILE = CHStatusBarNoticeDemo/Info.plist;
				LD_RUNPATH_SEARCH_PATHS = "$(inherited) @executable_path/Frameworks";
				PRODUCT_NAME = "$(TARGET_NAME)";
			};
			name = Release;
		};
		0F4DB6621AA2E55700C953FC /* Debug */ = {
			isa = XCBuildConfiguration;
			buildSettings = {
				BUNDLE_LOADER = "$(TEST_HOST)";
				FRAMEWORK_SEARCH_PATHS = (
					"$(SDKROOT)/Developer/Library/Frameworks",
					"$(inherited)",
				);
				GCC_PREPROCESSOR_DEFINITIONS = (
					"DEBUG=1",
					"$(inherited)",
				);
				INFOPLIST_FILE = CHStatusBarNoticeDemoTests/Info.plist;
				LD_RUNPATH_SEARCH_PATHS = "$(inherited) @executable_path/Frameworks @loader_path/Frameworks";
				PRODUCT_NAME = "$(TARGET_NAME)";
				TEST_HOST = "$(BUILT_PRODUCTS_DIR)/CHStatusBarNoticeDemo.app/CHStatusBarNoticeDemo";
			};
			name = Debug;
		};
		0F4DB6631AA2E55700C953FC /* Release */ = {
			isa = XCBuildConfiguration;
			buildSettings = {
				BUNDLE_LOADER = "$(TEST_HOST)";
				FRAMEWORK_SEARCH_PATHS = (
					"$(SDKROOT)/Developer/Library/Frameworks",
					"$(inherited)",
				);
				INFOPLIST_FILE = CHStatusBarNoticeDemoTests/Info.plist;
				LD_RUNPATH_SEARCH_PATHS = "$(inherited) @executable_path/Frameworks @loader_path/Frameworks";
				PRODUCT_NAME = "$(TARGET_NAME)";
				TEST_HOST = "$(BUILT_PRODUCTS_DIR)/CHStatusBarNoticeDemo.app/CHStatusBarNoticeDemo";
			};
			name = Release;
		};
/* End XCBuildConfiguration section */

/* Begin XCConfigurationList section */
		0F4DB63A1AA2E55700C953FC /* Build configuration list for PBXProject "CHStatusBarNoticeDemo" */ = {
			isa = XCConfigurationList;
			buildConfigurations = (
				0F4DB65C1AA2E55700C953FC /* Debug */,
				0F4DB65D1AA2E55700C953FC /* Release */,
			);
			defaultConfigurationIsVisible = 0;
			defaultConfigurationName = Release;
		};
		0F4DB65E1AA2E55700C953FC /* Build configuration list for PBXNativeTarget "CHStatusBarNoticeDemo" */ = {
			isa = XCConfigurationList;
			buildConfigurations = (
				0F4DB65F1AA2E55700C953FC /* Debug */,
				0F4DB6601AA2E55700C953FC /* Release */,
			);
			defaultConfigurationIsVisible = 0;
		};
		0F4DB6611AA2E55700C953FC /* Build configuration list for PBXNativeTarget "CHStatusBarNoticeDemoTests" */ = {
			isa = XCConfigurationList;
			buildConfigurations = (
				0F4DB6621AA2E55700C953FC /* Debug */,
				0F4DB6631AA2E55700C953FC /* Release */,
			);
			defaultConfigurationIsVisible = 0;
		};
/* End XCConfigurationList section */
	};
	rootObject = 0F4DB6371AA2E55700C953FC /* Project object */;
}
